
Microsoft Visual Studio Solution File, Format Version 12.00
Project("{FAE04EC0-301F-11D3-BF4B-00C04F79EFBC}") = "Goose", "Goose\Goose.csproj", "{468E701A-B366-4A17-898A-634A397DA67A}"
EndProject
Global
	GlobalSection(SolutionConfigurationPlatforms) = preSolution
		Debug|Any CPU = Debug|Any CPU
		Release|Any CPU = Release|Any CPU
	EndGlobalSection
	GlobalSection(ProjectConfigurationPlatforms) = postSolution
		{468E701A-B366-4A17-898A-634A397DA67A}.Debug|Any CPU.ActiveCfg = Debug|Any CPU
		{468E701A-B366-4A17-898A-634A397DA67A}.Debug|Any CPU.Build.0 = Debug|Any CPU
		{468E701A-B366-4A17-898A-634A397DA67A}.Release|Any CPU.ActiveCfg = Release|Any CPU
		{468E701A-B366-4A17-898A-634A397DA67A}.Release|Any CPU.Build.0 = Release|Any CPU
	EndGlobalSection
EndGlobal
